
Microsoft Visual Studio Solution File, Format Version 12.00
# Visual Studio 14
VisualStudioVersion = 14.0.24720.0
MinimumVisualStudioVersion = 10.0.40219.1
Project("{FAE04EC0-301F-11D3-BF4B-00C04F79EFBC}") = "Rabbit", "Rabbit\Rabbit.csproj", "{5BAB9BC6-485C-494F-BCAA-51F5FD49B517}"
EndProject
Project("{FAE04EC0-301F-11D3-BF4B-00C04F79EFBC}") = "Queue", "Queue\Queue.csproj", "{036EC0D5-9A71-410E-AC85-0C28C01D64C8}"
EndProject
Global
	GlobalSection(SolutionConfigurationPlatforms) = preSolution
		Debug|Any CPU = Debug|Any CPU
		Release|Any CPU = Release|Any CPU
	EndGlobalSection
	GlobalSection(ProjectConfigurationPlatforms) = postSolution
		{5BAB9BC6-485C-494F-BCAA-51F5FD49B517}.Debug|Any CPU.ActiveCfg = Debug|Any CPU
		{5BAB9BC6-485C-494F-BCAA-51F5FD49B517}.Debug|Any CPU.Build.0 = Debug|Any CPU
		{5BAB9BC6-485C-494F-BCAA-51F5FD49B517}.Release|Any CPU.ActiveCfg = Release|Any CPU
		{5BAB9BC6-485C-494F-BCAA-51F5FD49B517}.Release|Any CPU.Build.0 = Release|Any CPU
		{036EC0D5-9A71-410E-AC85-0C28C01D64C8}.Debug|Any CPU.ActiveCfg = Debug|Any CPU
		{036EC0D5-9A71-410E-AC85-0C28C01D64C8}.Debug|Any CPU.Build.0 = Debug|Any CPU
		{036EC0D5-9A71-410E-AC85-0C28C01D64C8}.Release|Any CPU.ActiveCfg = Release|Any CPU
		{036EC0D5-9A71-410E-AC85-0C28C01D64C8}.Release|Any CPU.Build.0 = Release|Any CPU
	EndGlobalSection
	GlobalSection(SolutionProperties) = preSolution
		HideSolutionNode = FALSE
	EndGlobalSection
EndGlobal
